<?xml version="1.0" encoding="UTF-8" standalone="yes" ?>
<CodeBlocks_project_file>
	<FileVersion major="1" minor="6" />
	<Project>
		<Option title="H204aSpice" />
		<Option pch_mode="2" />
		<Option compiler="gcc" />
		<Build>
			<Target title="Debug">
				<Option output="bin/Debug/H204aSpice" prefix_auto="1" extension_auto="1" />
				<Option object_output="obj/Debug/" />
				<Option type="1" />
				<Option compiler="gcc" />
				<Compiler>
					<Add option="-std=c++11" />
					<Add option="-g" />
					<Add directory="header" />
					<Add directory="include" />
				</Compiler>
			</Target>
			<Target title="Release">
				<Option output="bin/Release/H204aSpice" prefix_auto="1" extension_auto="1" />
				<Option object_output="obj/Release/" />
				<Option type="1" />
				<Option compiler="gcc" />
				<Compiler>
					<Add option="-O2" />
					<Add option="-std=c++11" />
					<Add directory="header" />
					<Add directory="include" />
				</Compiler>
				<Linker>
					<Add option="-s" />
				</Linker>
			</Target>
		</Build>
		<Compiler>
			<Add option="-Wall" />
			<Add option="-fexceptions" />
		</Compiler>
		<Unit filename="bin/Debug/netlists/input_test_R.net" />
		<Unit filename="bin/Debug/netlists/input_test_RLC.net" />
		<Unit filename="bin/Debug/netlists/input_test_RLC_Sources.net" />
		<Unit filename="bin/Debug/netlists/input_test_RLC_Sources_AmpOp.net" />
		<Unit filename="bin/Debug/netlists/input_test_RLC_Sources_ControlledSources.net" />
		<Unit filename="bin/Debug/netlists/input_test_RLC_Sources_CoupledInductors.net" />
		<Unit filename="bin/Debug/netlists/input_test_RLC_Sources_wComLine.net" />
		<Unit filename="header/AmpOp.h" />
		<Unit filename="header/BJT.h" />
		<Unit filename="header/Capacitor.h" />
		<Unit filename="header/Component.h" />
		<Unit filename="header/ControlledSource.h" />
		<Unit filename="header/ControlledSourceImplementations.h" />
		<Unit filename="header/CoupledInductors.h" />
		<Unit filename="header/CurrentSrc.h" />
		<Unit filename="header/IndependentSource.h" />
		<Unit filename="header/Inductor.h" />
		<Unit filename="header/Resistor.h" />
		<Unit filename="header/SimpleComponent.h" />
		<Unit filename="header/VoltageSrc.h" />
		<Unit filename="header/netListStructure.h" />
		<Unit filename="header/supportFunctions.h" />
		<Unit filename="src/AmpOp.cpp" />
		<Unit filename="src/BJT.cpp" />
		<Unit filename="src/Capacitor.cpp" />
		<Unit filename="src/Component.cpp" />
		<Unit filename="src/ControlledSource.cpp" />
		<Unit filename="src/ControlledSourceImplementations.cpp" />
		<Unit filename="src/CoupledInductors.cpp" />
		<Unit filename="src/CurrentSrc.cpp" />
		<Unit filename="src/IndependentSource.cpp" />
		<Unit filename="src/Inductor.cpp" />
		<Unit filename="src/Resistor.cpp" />
		<Unit filename="src/SimpleComponent.cpp" />
		<Unit filename="src/VoltageSrc.cpp" />
		<Unit filename="src/main.cpp" />
		<Unit filename="src/netListStructure.cpp" />
		<Unit filename="src/supportFunctions.cpp" />
		<Extensions>
			<code_completion />
			<envvars />
			<debugger />
			<lib_finder disable_auto="1" />
		</Extensions>
	</Project>
</CodeBlocks_project_file>
